dependencies:
- name: clusterSecretStore
  repository: https://actian-corporation-it.github.io/helm-charts
  version: 0.2.1
- name: grafana-agent
  repository: https://grafana.github.io/helm-charts
  version: 0.19.0
- name: grafana-agent
  repository: https://grafana.github.io/helm-charts
  version: 0.19.0
digest: sha256:bd41fb53772098af69ed8446e8ac2fba4de94f8b05baa44b431f28ba2ddd21b2
generated: "2023-07-28T17:24:08.089562+01:00"
